
Microsoft Visual Studio Solution File, Format Version 12.00
# Visual Studio 2012
Project("{FAE04EC0-301F-11D3-BF4B-00C04F79EFBC}") = "VS-Solution-Project-Folder-View", "VS-Solution-Project-Folder-View\VS-Solution-Project-Folder-View.csproj", "{72617165-AE45-4BA0-BF5D-B22ED1016FDA}"
EndProject
Global
	GlobalSection(SolutionConfigurationPlatforms) = preSolution
		Debug|Any CPU = Debug|Any CPU
		Release|Any CPU = Release|Any CPU
	EndGlobalSection
	GlobalSection(ProjectConfigurationPlatforms) = postSolution
		{72617165-AE45-4BA0-BF5D-B22ED1016FDA}.Debug|Any CPU.ActiveCfg = Debug|Any CPU
		{72617165-AE45-4BA0-BF5D-B22ED1016FDA}.Debug|Any CPU.Build.0 = Debug|Any CPU
		{72617165-AE45-4BA0-BF5D-B22ED1016FDA}.Release|Any CPU.ActiveCfg = Release|Any CPU
		{72617165-AE45-4BA0-BF5D-B22ED1016FDA}.Release|Any CPU.Build.0 = Release|Any CPU
	EndGlobalSection
	GlobalSection(SolutionProperties) = preSolution
		HideSolutionNode = FALSE
	EndGlobalSection
EndGlobal
